
Microsoft Visual Studio Solution File, Format Version 12.00
# Visual Studio Version 16
VisualStudioVersion = 16.0.30907.101
MinimumVisualStudioVersion = 10.0.40219.1
Project("{FAE04EC0-301F-11D3-BF4B-00C04F79EFBC}") = "Dolgozat2021Feb10", "Dolgozat2021Feb10.csproj", "{10795371-2E46-40CC-9101-7E1B79EC6520}"
EndProject
Global
	GlobalSection(SolutionConfigurationPlatforms) = preSolution
		Debug|Any CPU = Debug|Any CPU
		Release|Any CPU = Release|Any CPU
	EndGlobalSection
	GlobalSection(ProjectConfigurationPlatforms) = postSolution
		{10795371-2E46-40CC-9101-7E1B79EC6520}.Debug|Any CPU.ActiveCfg = Debug|Any CPU
		{10795371-2E46-40CC-9101-7E1B79EC6520}.Debug|Any CPU.Build.0 = Debug|Any CPU
		{10795371-2E46-40CC-9101-7E1B79EC6520}.Release|Any CPU.ActiveCfg = Release|Any CPU
		{10795371-2E46-40CC-9101-7E1B79EC6520}.Release|Any CPU.Build.0 = Release|Any CPU
	EndGlobalSection
	GlobalSection(SolutionProperties) = preSolution
		HideSolutionNode = FALSE
	EndGlobalSection
	GlobalSection(ExtensibilityGlobals) = postSolution
		SolutionGuid = {D9397104-4065-4C29-8E73-9D0474A5D291}
	EndGlobalSection
EndGlobal
