
Microsoft Visual Studio Solution File, Format Version 12.00
# Visual Studio Version 16
VisualStudioVersion = 16.0.30503.244
MinimumVisualStudioVersion = 10.0.40219.1
Project("{FAE04EC0-301F-11D3-BF4B-00C04F79EFBC}") = "parosParatlaNnulla", "parosParatlaNnulla\parosParatlaNnulla.csproj", "{905D797A-AA0B-457B-A07F-5F2BDE30CEBC}"
EndProject
Global
	GlobalSection(SolutionConfigurationPlatforms) = preSolution
		Debug|Any CPU = Debug|Any CPU
		Release|Any CPU = Release|Any CPU
	EndGlobalSection
	GlobalSection(ProjectConfigurationPlatforms) = postSolution
		{905D797A-AA0B-457B-A07F-5F2BDE30CEBC}.Debug|Any CPU.ActiveCfg = Debug|Any CPU
		{905D797A-AA0B-457B-A07F-5F2BDE30CEBC}.Debug|Any CPU.Build.0 = Debug|Any CPU
		{905D797A-AA0B-457B-A07F-5F2BDE30CEBC}.Release|Any CPU.ActiveCfg = Release|Any CPU
		{905D797A-AA0B-457B-A07F-5F2BDE30CEBC}.Release|Any CPU.Build.0 = Release|Any CPU
	EndGlobalSection
	GlobalSection(SolutionProperties) = preSolution
		HideSolutionNode = FALSE
	EndGlobalSection
	GlobalSection(ExtensibilityGlobals) = postSolution
		SolutionGuid = {3A89B5D6-9B69-4FBB-ABE5-D33F0E34D71D}
	EndGlobalSection
EndGlobal
