
Microsoft Visual Studio Solution File, Format Version 12.00
# Visual Studio Version 16
VisualStudioVersion = 16.0.30711.63
MinimumVisualStudioVersion = 10.0.40219.1
Project("{FAE04EC0-301F-11D3-BF4B-00C04F79EFBC}") = "dialogs", "dialogs.csproj", "{19536C63-455C-4B3C-9AE7-E23F9D932EE9}"
EndProject
Global
	GlobalSection(SolutionConfigurationPlatforms) = preSolution
		Debug|Any CPU = Debug|Any CPU
		Release|Any CPU = Release|Any CPU
	EndGlobalSection
	GlobalSection(ProjectConfigurationPlatforms) = postSolution
		{19536C63-455C-4B3C-9AE7-E23F9D932EE9}.Debug|Any CPU.ActiveCfg = Debug|Any CPU
		{19536C63-455C-4B3C-9AE7-E23F9D932EE9}.Debug|Any CPU.Build.0 = Debug|Any CPU
		{19536C63-455C-4B3C-9AE7-E23F9D932EE9}.Release|Any CPU.ActiveCfg = Release|Any CPU
		{19536C63-455C-4B3C-9AE7-E23F9D932EE9}.Release|Any CPU.Build.0 = Release|Any CPU
	EndGlobalSection
	GlobalSection(SolutionProperties) = preSolution
		HideSolutionNode = FALSE
	EndGlobalSection
	GlobalSection(ExtensibilityGlobals) = postSolution
		SolutionGuid = {20E607ED-F8E0-4D74-87CE-700ED21027DC}
	EndGlobalSection
EndGlobal
