
Microsoft Visual Studio Solution File, Format Version 12.00
# Visual Studio Version 16
VisualStudioVersion = 16.0.30711.63
MinimumVisualStudioVersion = 10.0.40219.1
Project("{FAE04EC0-301F-11D3-BF4B-00C04F79EFBC}") = "adatbazis", "adatbazis.csproj", "{68D0D275-2908-4892-8D5A-D76A47F86E92}"
EndProject
Global
	GlobalSection(SolutionConfigurationPlatforms) = preSolution
		Debug|Any CPU = Debug|Any CPU
		Release|Any CPU = Release|Any CPU
	EndGlobalSection
	GlobalSection(ProjectConfigurationPlatforms) = postSolution
		{68D0D275-2908-4892-8D5A-D76A47F86E92}.Debug|Any CPU.ActiveCfg = Debug|Any CPU
		{68D0D275-2908-4892-8D5A-D76A47F86E92}.Debug|Any CPU.Build.0 = Debug|Any CPU
		{68D0D275-2908-4892-8D5A-D76A47F86E92}.Release|Any CPU.ActiveCfg = Release|Any CPU
		{68D0D275-2908-4892-8D5A-D76A47F86E92}.Release|Any CPU.Build.0 = Release|Any CPU
	EndGlobalSection
	GlobalSection(SolutionProperties) = preSolution
		HideSolutionNode = FALSE
	EndGlobalSection
	GlobalSection(ExtensibilityGlobals) = postSolution
		SolutionGuid = {BB70F38B-E3C5-431A-84D1-43F26E9ED2FE}
	EndGlobalSection
EndGlobal
