
Microsoft Visual Studio Solution File, Format Version 12.00
# Visual Studio Version 16
VisualStudioVersion = 16.0.30503.244
MinimumVisualStudioVersion = 10.0.40219.1
Project("{FAE04EC0-301F-11D3-BF4B-00C04F79EFBC}") = "halmazMuveletes", "halmazMuveletes\halmazMuveletes.csproj", "{72101559-739A-4191-89DA-6EEE3A746F4A}"
EndProject
Global
	GlobalSection(SolutionConfigurationPlatforms) = preSolution
		Debug|Any CPU = Debug|Any CPU
		Release|Any CPU = Release|Any CPU
	EndGlobalSection
	GlobalSection(ProjectConfigurationPlatforms) = postSolution
		{72101559-739A-4191-89DA-6EEE3A746F4A}.Debug|Any CPU.ActiveCfg = Debug|Any CPU
		{72101559-739A-4191-89DA-6EEE3A746F4A}.Debug|Any CPU.Build.0 = Debug|Any CPU
		{72101559-739A-4191-89DA-6EEE3A746F4A}.Release|Any CPU.ActiveCfg = Release|Any CPU
		{72101559-739A-4191-89DA-6EEE3A746F4A}.Release|Any CPU.Build.0 = Release|Any CPU
	EndGlobalSection
	GlobalSection(SolutionProperties) = preSolution
		HideSolutionNode = FALSE
	EndGlobalSection
	GlobalSection(ExtensibilityGlobals) = postSolution
		SolutionGuid = {7F559400-0290-4F9E-BC33-94F66ED42F21}
	EndGlobalSection
EndGlobal
