
Microsoft Visual Studio Solution File, Format Version 12.00
# Visual Studio Version 16
VisualStudioVersion = 16.0.30711.63
MinimumVisualStudioVersion = 10.0.40219.1
Project("{FAE04EC0-301F-11D3-BF4B-00C04F79EFBC}") = "CRUD2", "CRUD2.csproj", "{5DB08883-F15D-4EBD-A61C-1C9FB39FA4E3}"
EndProject
Global
	GlobalSection(SolutionConfigurationPlatforms) = preSolution
		Debug|Any CPU = Debug|Any CPU
		Release|Any CPU = Release|Any CPU
	EndGlobalSection
	GlobalSection(ProjectConfigurationPlatforms) = postSolution
		{5DB08883-F15D-4EBD-A61C-1C9FB39FA4E3}.Debug|Any CPU.ActiveCfg = Debug|Any CPU
		{5DB08883-F15D-4EBD-A61C-1C9FB39FA4E3}.Debug|Any CPU.Build.0 = Debug|Any CPU
		{5DB08883-F15D-4EBD-A61C-1C9FB39FA4E3}.Release|Any CPU.ActiveCfg = Release|Any CPU
		{5DB08883-F15D-4EBD-A61C-1C9FB39FA4E3}.Release|Any CPU.Build.0 = Release|Any CPU
	EndGlobalSection
	GlobalSection(SolutionProperties) = preSolution
		HideSolutionNode = FALSE
	EndGlobalSection
	GlobalSection(ExtensibilityGlobals) = postSolution
		SolutionGuid = {EAD3B747-45B0-4FB4-8C3C-AA493C71AD19}
	EndGlobalSection
EndGlobal
