
Microsoft Visual Studio Solution File, Format Version 12.00
# Visual Studio Version 16
VisualStudioVersion = 16.0.30002.166
MinimumVisualStudioVersion = 10.0.40219.1
Project("{FAE04EC0-301F-11D3-BF4B-00C04F79EFBC}") = "Video intros", "Video intros.csproj", "{3FE99E2B-204E-4569-B64B-4529A20CB304}"
EndProject
Global
	GlobalSection(SolutionConfigurationPlatforms) = preSolution
		Debug|Any CPU = Debug|Any CPU
		Release|Any CPU = Release|Any CPU
	EndGlobalSection
	GlobalSection(ProjectConfigurationPlatforms) = postSolution
		{3FE99E2B-204E-4569-B64B-4529A20CB304}.Debug|Any CPU.ActiveCfg = Debug|Any CPU
		{3FE99E2B-204E-4569-B64B-4529A20CB304}.Debug|Any CPU.Build.0 = Debug|Any CPU
		{3FE99E2B-204E-4569-B64B-4529A20CB304}.Release|Any CPU.ActiveCfg = Release|Any CPU
		{3FE99E2B-204E-4569-B64B-4529A20CB304}.Release|Any CPU.Build.0 = Release|Any CPU
	EndGlobalSection
	GlobalSection(SolutionProperties) = preSolution
		HideSolutionNode = FALSE
	EndGlobalSection
	GlobalSection(ExtensibilityGlobals) = postSolution
		SolutionGuid = {B5C4A42C-3940-4B68-8AB4-8C3852EFB11E}
	EndGlobalSection
EndGlobal
