
Microsoft Visual Studio Solution File, Format Version 12.00
# Visual Studio Version 16
VisualStudioVersion = 16.0.30907.101
MinimumVisualStudioVersion = 10.0.40219.1
Project("{FAE04EC0-301F-11D3-BF4B-00C04F79EFBC}") = "Utnyilvantartas hazifeladat", "Utnyilvantartas hazifeladat.csproj", "{07968099-A77A-4B73-B435-7A4F46E7137B}"
EndProject
Global
	GlobalSection(SolutionConfigurationPlatforms) = preSolution
		Debug|Any CPU = Debug|Any CPU
		Release|Any CPU = Release|Any CPU
	EndGlobalSection
	GlobalSection(ProjectConfigurationPlatforms) = postSolution
		{07968099-A77A-4B73-B435-7A4F46E7137B}.Debug|Any CPU.ActiveCfg = Debug|Any CPU
		{07968099-A77A-4B73-B435-7A4F46E7137B}.Debug|Any CPU.Build.0 = Debug|Any CPU
		{07968099-A77A-4B73-B435-7A4F46E7137B}.Release|Any CPU.ActiveCfg = Release|Any CPU
		{07968099-A77A-4B73-B435-7A4F46E7137B}.Release|Any CPU.Build.0 = Release|Any CPU
	EndGlobalSection
	GlobalSection(SolutionProperties) = preSolution
		HideSolutionNode = FALSE
	EndGlobalSection
	GlobalSection(ExtensibilityGlobals) = postSolution
		SolutionGuid = {15B5E8B6-9477-4F7E-BC5B-D0E4FD62516E}
	EndGlobalSection
EndGlobal
