
Microsoft Visual Studio Solution File, Format Version 12.00
# Visual Studio Version 16
VisualStudioVersion = 16.0.30002.166
MinimumVisualStudioVersion = 10.0.40219.1
Project("{FAE04EC0-301F-11D3-BF4B-00C04F79EFBC}") = "WpfApp1", "WpfApp1.csproj", "{0FF93A00-E247-4CF3-AAD1-9F0DAA4142DF}"
EndProject
Global
	GlobalSection(SolutionConfigurationPlatforms) = preSolution
		Debug|Any CPU = Debug|Any CPU
		Release|Any CPU = Release|Any CPU
	EndGlobalSection
	GlobalSection(ProjectConfigurationPlatforms) = postSolution
		{0FF93A00-E247-4CF3-AAD1-9F0DAA4142DF}.Debug|Any CPU.ActiveCfg = Debug|Any CPU
		{0FF93A00-E247-4CF3-AAD1-9F0DAA4142DF}.Debug|Any CPU.Build.0 = Debug|Any CPU
		{0FF93A00-E247-4CF3-AAD1-9F0DAA4142DF}.Release|Any CPU.ActiveCfg = Release|Any CPU
		{0FF93A00-E247-4CF3-AAD1-9F0DAA4142DF}.Release|Any CPU.Build.0 = Release|Any CPU
	EndGlobalSection
	GlobalSection(SolutionProperties) = preSolution
		HideSolutionNode = FALSE
	EndGlobalSection
	GlobalSection(ExtensibilityGlobals) = postSolution
		SolutionGuid = {5E5E1678-2ABC-4BB3-AE0C-1E3F76440B04}
	EndGlobalSection
EndGlobal
