
Microsoft Visual Studio Solution File, Format Version 12.00
# Visual Studio Version 16
VisualStudioVersion = 16.0.30621.155
MinimumVisualStudioVersion = 10.0.40219.1
Project("{FAE04EC0-301F-11D3-BF4B-00C04F79EFBC}") = "tabcontrol", "tabcontrol.csproj", "{7BA9EE71-4D1C-446F-AD84-E13725D49762}"
EndProject
Global
	GlobalSection(SolutionConfigurationPlatforms) = preSolution
		Debug|Any CPU = Debug|Any CPU
		Release|Any CPU = Release|Any CPU
	EndGlobalSection
	GlobalSection(ProjectConfigurationPlatforms) = postSolution
		{7BA9EE71-4D1C-446F-AD84-E13725D49762}.Debug|Any CPU.ActiveCfg = Debug|Any CPU
		{7BA9EE71-4D1C-446F-AD84-E13725D49762}.Debug|Any CPU.Build.0 = Debug|Any CPU
		{7BA9EE71-4D1C-446F-AD84-E13725D49762}.Release|Any CPU.ActiveCfg = Release|Any CPU
		{7BA9EE71-4D1C-446F-AD84-E13725D49762}.Release|Any CPU.Build.0 = Release|Any CPU
	EndGlobalSection
	GlobalSection(SolutionProperties) = preSolution
		HideSolutionNode = FALSE
	EndGlobalSection
	GlobalSection(ExtensibilityGlobals) = postSolution
		SolutionGuid = {AE564773-5A89-4E5B-93A1-A60526EA9861}
	EndGlobalSection
EndGlobal
