
Microsoft Visual Studio Solution File, Format Version 12.00
# Visual Studio Version 16
VisualStudioVersion = 16.0.30711.63
MinimumVisualStudioVersion = 10.0.40219.1
Project("{FAE04EC0-301F-11D3-BF4B-00C04F79EFBC}") = "Modális", "Modális.csproj", "{B34F9F30-204A-4726-899F-915555C963E2}"
EndProject
Global
	GlobalSection(SolutionConfigurationPlatforms) = preSolution
		Debug|Any CPU = Debug|Any CPU
		Release|Any CPU = Release|Any CPU
	EndGlobalSection
	GlobalSection(ProjectConfigurationPlatforms) = postSolution
		{B34F9F30-204A-4726-899F-915555C963E2}.Debug|Any CPU.ActiveCfg = Debug|Any CPU
		{B34F9F30-204A-4726-899F-915555C963E2}.Debug|Any CPU.Build.0 = Debug|Any CPU
		{B34F9F30-204A-4726-899F-915555C963E2}.Release|Any CPU.ActiveCfg = Release|Any CPU
		{B34F9F30-204A-4726-899F-915555C963E2}.Release|Any CPU.Build.0 = Release|Any CPU
	EndGlobalSection
	GlobalSection(SolutionProperties) = preSolution
		HideSolutionNode = FALSE
	EndGlobalSection
	GlobalSection(ExtensibilityGlobals) = postSolution
		SolutionGuid = {8804917B-64AC-40D6-9D13-51C9904037D8}
	EndGlobalSection
EndGlobal
